{
  "framework": {
    "digest": "657f9d69f38bdc2204be5796346342ff68c076aa7423b3dc1dc526585b1f56b0",
    "source_kind": "commit",
    "source_revision": "24d8bff1d4da82b063fcc539c818b33a98fccfe1",
    "version": "0.1.0-dev"
  },
  "framework_inputs": {
    "framework/core/AGENTS.md": "8cd3e861dd910106f03fa50c7d9035d827e71bc46d3e0c314cc45d4db1f89927",
    "framework/core/agent-harness.md": "08a348d882482c45bb25d40307a5e734d34e96071937e234a1762644506bad74",
    "framework/profiles/openai-agent-guidance/AGENTS.md": "54a6f9771b46e66b486708d4036cbb0ca15b03ae1df4f59a1bcdde979844d9c7",
    "framework/profiles/openai-agent-guidance/agent-harness.md": "080fd340d32edc78d90ec090f80c47e0ade03712baef5e71b47d53c5ea8f230e",
    "framework/profiles/public-repository/AGENTS.md": "b07ac20c9e1611c7e98c5978ec385ca0560363c4b3f55f0a84399791aee7c917",
    "framework/profiles/public-repository/agent-harness.md": "4704a09b288b0afb5527c983f52b9ee28b4077c1876fb02c38b43b588b88afd9",
    "framework/profiles/vcs-jj/AGENTS.md": "f5a00bb916ebcc25449e77ea7741678c381ea74d861ff82af24810ccf0318c35",
    "framework/profiles/vcs-jj/agent-harness.md": "592f07d6bd361e45e689d79f05f3b94afd037ebfcf634df0e114f8c43888cb58",
    "framework/standalone/check.py": "241f2d454674f16f1f9bab6474dce1fa0703a75c32b7106e7d54e52ce771d8a5",
    "src/ai_first/__init__.py": "cc67ee471e2f875f585df5865c7df9448b6d1ec8a452842d864052c5ccf04721",
    "src/ai_first/__main__.py": "935a1c1166b0c1ea35a82256345000bf2c73ded718d77773bc27a71ecce28f7d",
    "src/ai_first/cli.py": "432cd5b48ddf64a23fcb567db84b509948b6d9049deb90002f34535ed6586f82",
    "src/ai_first/config.py": "2200ff32111007d55cb8eb20dfcae15073d74690e4c258c67eca4214405237f3",
    "src/ai_first/publication.py": "af2beb3e18671267cb8fb1908239f4073abe8bb86121b01a19f96005b5cc24b6",
    "src/ai_first/render.py": "b6bada2363b33d97ca2aa43518a1870104b44e9e1dbd76f1e92dee2e9e025126"
  },
  "outputs": {
    ".ai-first/check.py": "241f2d454674f16f1f9bab6474dce1fa0703a75c32b7106e7d54e52ce771d8a5",
    "AGENTS.md": "e66d22a334ba7fa7993bd140eeaf5054b49fac8e512af37ae884d749e4247081",
    "docs/agent-harness.md": "9e56b31b898db541a3c55a592a75294a4ebd9c7e7390fa829ff2c4b4a4aad970"
  },
  "profiles": [
    "vcs-jj",
    "public-repository",
    "openai-agent-guidance"
  ],
  "repository_inputs": {
    ".ai-first.toml": "e75d773b51a9e60133ea33d652659f344b40ea180dac1cef68ce9356aede0f8e",
    ".ai-first/overlays/agents-first-read.md": "8732c229a24671de69dce8322736a52caff7a78c8691f8bf08621d03ae594588",
    ".ai-first/overlays/agents-project.md": "94acc2ff776ad4d54806ea2ab03654b258ed889a7205119e76327b343f2b4638",
    ".ai-first/overlays/harness-project.md": "7b847a2090e8bcb4849d6f6f7583eb89191eedb863f6669117979843711d0447"
  },
  "schema_version": 1
}
