{
  "framework": {
    "digest": "ef3cb956b66c9869e800cb77cefdc015020e1d05ad73ee4b8e5fae8c49a41902",
    "source_commit": "39dd9d2aef19fef36b11b69bf7ed4dd4edad9df7",
    "source_kind": "release",
    "source_revision": "v1.8.0",
    "version": "1.8.0"
  },
  "framework_inputs": {
    "framework/core/AGENTS.md": "3a36a09d04ca892a3186d224a0e0b90e77e0a9b0425a328db5156e75a167a8e7",
    "framework/core/agent-harness.md": "d8ea651d8f22ab74b1db58bd215d257383bf1b277499fbd34700221d9fb92e6e",
    "framework/profiles/openai-agent-guidance/AGENTS.md": "843ff930cb3afcbc53030fdc257accb32a23ce3cd14726eb07b20a7732f12089",
    "framework/profiles/openai-agent-guidance/agent-harness.md": "3e21350b3c776a1c2df783c00c75820b4a2c298b8cd877bc38fd335ddd5dc605",
    "framework/profiles/public-repository/AGENTS.md": "b07ac20c9e1611c7e98c5978ec385ca0560363c4b3f55f0a84399791aee7c917",
    "framework/profiles/public-repository/agent-harness.md": "4704a09b288b0afb5527c983f52b9ee28b4077c1876fb02c38b43b588b88afd9",
    "framework/profiles/vcs-jj/AGENTS.md": "c64d67dc02ee495c547171572e205c605499ca65edaff94f8860dbcbf08740cc",
    "framework/profiles/vcs-jj/agent-harness.md": "f132dfad51892450ae93c18e468aea60a7a0b7ace36df325975ac976ae0a1cf3",
    "framework/standalone/check.py": "b295ca0029a9000084849de35c11adbb4694927f14ec8e9b7f31824af76ab11c",
    "src/ai_first/__init__.py": "13f09c937e59705e7863fc27e42338a55a3432a35b1b75e5ccca1e471bf6d11a",
    "src/ai_first/__main__.py": "935a1c1166b0c1ea35a82256345000bf2c73ded718d77773bc27a71ecce28f7d",
    "src/ai_first/cli.py": "8ca4a197d802ef6c557a8bfad27994e6f4cdc089cc385e0d3ce2f793b94d762c",
    "src/ai_first/config.py": "429dd098fa823c64c0dc8cba48378efa8e6f1a7788fd3bdc34cf0e6da82f99aa",
    "src/ai_first/coordination.py": "dfb2817814a8449a7f0f405dd34e3884cb90fa9bcbca11ab833a96539460efce",
    "src/ai_first/publication.py": "af2beb3e18671267cb8fb1908239f4073abe8bb86121b01a19f96005b5cc24b6",
    "src/ai_first/render.py": "60f5273935c5435ab36cba971b850b457c139ed3fbb94e23b58000c3c8f9a871",
    "src/ai_first/verification.py": "3569bfb5b15b31e76e6257524ced916d36bd454bc0a054218ebba5d11078b8dc"
  },
  "outputs": {
    ".ai-first/check.py": "b295ca0029a9000084849de35c11adbb4694927f14ec8e9b7f31824af76ab11c",
    "AGENTS.md": "8be7d9feb09bbfdf046ea486bd1c1eea2864297970b989c3a55ce6b0e974fcaa",
    "docs/agent-harness.md": "7348c77972589953d632f089c8702cd7846c8e55f277329062570647eca69214"
  },
  "profiles": [
    "vcs-jj",
    "public-repository",
    "openai-agent-guidance"
  ],
  "repository_inputs": {
    ".ai-first.toml": "6a5aae227bd48fc5c85a82434ad56a2002fab24213c80d0a73db6aea6e812d11",
    ".ai-first/overlays/agents-first-read.md": "8732c229a24671de69dce8322736a52caff7a78c8691f8bf08621d03ae594588",
    ".ai-first/overlays/agents-project.md": "94acc2ff776ad4d54806ea2ab03654b258ed889a7205119e76327b343f2b4638",
    ".ai-first/overlays/harness-project.md": "7b847a2090e8bcb4849d6f6f7583eb89191eedb863f6669117979843711d0447"
  },
  "schema_version": 1
}
